// !$*UTF8*$!
{
	archiveVersion = 1;
	classes = {
	};
	objectVersion = 46;
	objects = {

/* Begin PBXBuildFile section */
		0146FB301BBAA86A00514D80 /* ShiftViewController.swift in Sources */ = {isa = PBXBuildFile; fileRef = 0146FB2F1BBAA86A00514D80 /* ShiftViewController.swift */; settings = {ASSET_TAGS = (); }; };
		0146FB321BBAA88B00514D80 /* UserSettingViewController.swift in Sources */ = {isa = PBXBuildFile; fileRef = 0146FB311BBAA88B00514D80 /* UserSettingViewController.swift */; settings = {ASSET_TAGS = (); }; };
		01D201F21BB535DB00DE1161 /* AppDelegate.swift in Sources */ = {isa = PBXBuildFile; fileRef = 01D201F11BB535DB00DE1161 /* AppDelegate.swift */; };
		01D201F71BB535DB00DE1161 /* Main.storyboard in Resources */ = {isa = PBXBuildFile; fileRef = 01D201F51BB535DB00DE1161 /* Main.storyboard */; };
		01D201F91BB535DB00DE1161 /* Assets.xcassets in Resources */ = {isa = PBXBuildFile; fileRef = 01D201F81BB535DB00DE1161 /* Assets.xcassets */; };
		01D201FC1BB535DB00DE1161 /* LaunchScreen.storyboard in Resources */ = {isa = PBXBuildFile; fileRef = 01D201FA1BB535DB00DE1161 /* LaunchScreen.storyboard */; };
		01D202071BB535DB00DE1161 /* ShiftViewerTests.swift in Sources */ = {isa = PBXBuildFile; fileRef = 01D202061BB535DB00DE1161 /* ShiftViewerTests.swift */; };
		01D202121BB535DB00DE1161 /* ShiftViewerUITests.swift in Sources */ = {isa = PBXBuildFile; fileRef = 01D202111BB535DB00DE1161 /* ShiftViewerUITests.swift */; };
		01D202251BB59FEE00DE1161 /* ShiftListViewController.swift in Sources */ = {isa = PBXBuildFile; fileRef = 01D202241BB59FEE00DE1161 /* ShiftListViewController.swift */; settings = {ASSET_TAGS = (); }; };
		01D202291BB5B44100DE1161 /* Alamofire.framework in Frameworks */ = {isa = PBXBuildFile; fileRef = 01D202271BB5B44100DE1161 /* Alamofire.framework */; };
		01D2022A1BB5B44100DE1161 /* SwiftyJSON.framework in Frameworks */ = {isa = PBXBuildFile; fileRef = 01D202281BB5B44100DE1161 /* SwiftyJSON.framework */; };
		01D2022E1BB5CDFD00DE1161 /* Term.swift in Sources */ = {isa = PBXBuildFile; fileRef = 01D2022D1BB5CDFD00DE1161 /* Term.swift */; settings = {ASSET_TAGS = (); }; };
		01F665861BB9350600D62044 /* NSDate+Extension.swift in Sources */ = {isa = PBXBuildFile; fileRef = 01F665851BB9350600D62044 /* NSDate+Extension.swift */; settings = {ASSET_TAGS = (); }; };
		01F665891BB9377900D62044 /* ShiftListModel.swift in Sources */ = {isa = PBXBuildFile; fileRef = 01F665881BB9377900D62044 /* ShiftListModel.swift */; settings = {ASSET_TAGS = (); }; };
		01F6658B1BB9524C00D62044 /* ShiftListView.swift in Sources */ = {isa = PBXBuildFile; fileRef = 01F6658A1BB9524C00D62044 /* ShiftListView.swift */; settings = {ASSET_TAGS = (); }; };
		01F6658F1BB954BE00D62044 /* NavigationController.swift in Sources */ = {isa = PBXBuildFile; fileRef = 01F6658E1BB954BE00D62044 /* NavigationController.swift */; settings = {ASSET_TAGS = (); }; };
		01F665931BB968ED00D62044 /* WebAPI.swift in Sources */ = {isa = PBXBuildFile; fileRef = 01F665921BB968ED00D62044 /* WebAPI.swift */; settings = {ASSET_TAGS = (); }; };
/* End PBXBuildFile section */

/* Begin PBXContainerItemProxy section */
		01D202031BB535DB00DE1161 /* PBXContainerItemProxy */ = {
			isa = PBXContainerItemProxy;
			containerPortal = 01D201E61BB535DB00DE1161 /* Project object */;
			proxyType = 1;
			remoteGlobalIDString = 01D201ED1BB535DB00DE1161;
			remoteInfo = ShiftViewer;
		};
		01D2020E1BB535DB00DE1161 /* PBXContainerItemProxy */ = {
			isa = PBXContainerItemProxy;
			containerPortal = 01D201E61BB535DB00DE1161 /* Project object */;
			proxyType = 1;
			remoteGlobalIDString = 01D201ED1BB535DB00DE1161;
			remoteInfo = ShiftViewer;
		};
/* End PBXContainerItemProxy section */

/* Begin PBXFileReference section */
		0146FB2F1BBAA86A00514D80 /* ShiftViewController.swift */ = {isa = PBXFileReference; fileEncoding = 4; lastKnownFileType = sourcecode.swift; path = ShiftViewController.swift; sourceTree = "<group>"; };
		0146FB311BBAA88B00514D80 /* UserSettingViewController.swift */ = {isa = PBXFileReference; fileEncoding = 4; lastKnownFileType = sourcecode.swift; path = UserSettingViewController.swift; sourceTree = "<group>"; };
		01D201EE1BB535DB00DE1161 /* ShiftViewer.app */ = {isa = PBXFileReference; explicitFileType = wrapper.application; includeInIndex = 0; path = ShiftViewer.app; sourceTree = BUILT_PRODUCTS_DIR; };
		01D201F11BB535DB00DE1161 /* AppDelegate.swift */ = {isa = PBXFileReference; lastKnownFileType = sourcecode.swift; path = AppDelegate.swift; sourceTree = "<group>"; };
		01D201F61BB535DB00DE1161 /* Base */ = {isa = PBXFileReference; lastKnownFileType = file.storyboard; name = Base; path = Base.lproj/Main.storyboard; sourceTree = "<group>"; };
		01D201F81BB535DB00DE1161 /* Assets.xcassets */ = {isa = PBXFileReference; lastKnownFileType = folder.assetcatalog; path = Assets.xcassets; sourceTree = "<group>"; };
		01D201FB1BB535DB00DE1161 /* Base */ = {isa = PBXFileReference; lastKnownFileType = file.storyboard; name = Base; path = Base.lproj/LaunchScreen.storyboard; sourceTree = "<group>"; };
		01D201FD1BB535DB00DE1161 /* Info.plist */ = {isa = PBXFileReference; lastKnownFileType = text.plist.xml; path = Info.plist; sourceTree = "<group>"; };
		01D202021BB535DB00DE1161 /* ShiftViewerTests.xctest */ = {isa = PBXFileReference; explicitFileType = wrapper.cfbundle; includeInIndex = 0; path = ShiftViewerTests.xctest; sourceTree = BUILT_PRODUCTS_DIR; };
		01D202061BB535DB00DE1161 /* ShiftViewerTests.swift */ = {isa = PBXFileReference; lastKnownFileType = sourcecode.swift; path = ShiftViewerTests.swift; sourceTree = "<group>"; };
		01D202081BB535DB00DE1161 /* Info.plist */ = {isa = PBXFileReference; lastKnownFileType = text.plist.xml; path = Info.plist; sourceTree = "<group>"; };
		01D2020D1BB535DB00DE1161 /* ShiftViewerUITests.xctest */ = {isa = PBXFileReference; explicitFileType = wrapper.cfbundle; includeInIndex = 0; path = ShiftViewerUITests.xctest; sourceTree = BUILT_PRODUCTS_DIR; };
		01D202111BB535DB00DE1161 /* ShiftViewerUITests.swift */ = {isa = PBXFileReference; lastKnownFileType = sourcecode.swift; path = ShiftViewerUITests.swift; sourceTree = "<group>"; };
		01D202131BB535DB00DE1161 /* Info.plist */ = {isa = PBXFileReference; lastKnownFileType = text.plist.xml; path = Info.plist; sourceTree = "<group>"; };
		01D202241BB59FEE00DE1161 /* ShiftListViewController.swift */ = {isa = PBXFileReference; fileEncoding = 4; lastKnownFileType = sourcecode.swift; path = ShiftListViewController.swift; sourceTree = "<group>"; };
		01D202271BB5B44100DE1161 /* Alamofire.framework */ = {isa = PBXFileReference; lastKnownFileType = wrapper.framework; name = Alamofire.framework; path = Carthage/Build/iOS/Alamofire.framework; sourceTree = "<group>"; };
		01D202281BB5B44100DE1161 /* SwiftyJSON.framework */ = {isa = PBXFileReference; lastKnownFileType = wrapper.framework; name = SwiftyJSON.framework; path = Carthage/Build/iOS/SwiftyJSON.framework; sourceTree = "<group>"; };
		01D2022D1BB5CDFD00DE1161 /* Term.swift */ = {isa = PBXFileReference; fileEncoding = 4; lastKnownFileType = sourcecode.swift; path = Term.swift; sourceTree = "<group>"; };
		01F665851BB9350600D62044 /* NSDate+Extension.swift */ = {isa = PBXFileReference; fileEncoding = 4; lastKnownFileType = sourcecode.swift; path = "NSDate+Extension.swift"; sourceTree = "<group>"; };
		01F665881BB9377900D62044 /* ShiftListModel.swift */ = {isa = PBXFileReference; fileEncoding = 4; lastKnownFileType = sourcecode.swift; path = ShiftListModel.swift; sourceTree = "<group>"; };
		01F6658A1BB9524C00D62044 /* ShiftListView.swift */ = {isa = PBXFileReference; fileEncoding = 4; lastKnownFileType = sourcecode.swift; path = ShiftListView.swift; sourceTree = "<group>"; };
		01F6658E1BB954BE00D62044 /* NavigationController.swift */ = {isa = PBXFileReference; fileEncoding = 4; lastKnownFileType = sourcecode.swift; path = NavigationController.swift; sourceTree = "<group>"; };
		01F665921BB968ED00D62044 /* WebAPI.swift */ = {isa = PBXFileReference; fileEncoding = 4; lastKnownFileType = sourcecode.swift; path = WebAPI.swift; sourceTree = "<group>"; };
/* End PBXFileReference section */

/* Begin PBXFrameworksBuildPhase section */
		01D201EB1BB535DB00DE1161 /* Frameworks */ = {
			isa = PBXFrameworksBuildPhase;
			buildActionMask = 2147483647;
			files = (
				01D202291BB5B44100DE1161 /* Alamofire.framework in Frameworks */,
				01D2022A1BB5B44100DE1161 /* SwiftyJSON.framework in Frameworks */,
			);
			runOnlyForDeploymentPostprocessing = 0;
		};
		01D201FF1BB535DB00DE1161 /* Frameworks */ = {
			isa = PBXFrameworksBuildPhase;
			buildActionMask = 2147483647;
			files = (
			);
			runOnlyForDeploymentPostprocessing = 0;
		};
		01D2020A1BB535DB00DE1161 /* Frameworks */ = {
			isa = PBXFrameworksBuildPhase;
			buildActionMask = 2147483647;
			files = (
			);
			runOnlyForDeploymentPostprocessing = 0;
		};
/* End PBXFrameworksBuildPhase section */

/* Begin PBXGroup section */
		01D201E51BB535DB00DE1161 = {
			isa = PBXGroup;
			children = (
				01D201F01BB535DB00DE1161 /* ShiftViewer */,
				01D202051BB535DB00DE1161 /* ShiftViewerTests */,
				01D202101BB535DB00DE1161 /* ShiftViewerUITests */,
				01D201EF1BB535DB00DE1161 /* Products */,
				01D2022C1BB5B68800DE1161 /* Carthage */,
			);
			sourceTree = "<group>";
		};
		01D201EF1BB535DB00DE1161 /* Products */ = {
			isa = PBXGroup;
			children = (
				01D201EE1BB535DB00DE1161 /* ShiftViewer.app */,
				01D202021BB535DB00DE1161 /* ShiftViewerTests.xctest */,
				01D2020D1BB535DB00DE1161 /* ShiftViewerUITests.xctest */,
			);
			name = Products;
			sourceTree = "<group>";
		};
		01D201F01BB535DB00DE1161 /* ShiftViewer */ = {
			isa = PBXGroup;
			children = (
				01F6658C1BB9541B00D62044 /* Scenes */,
				01D202261BB5A0A500DE1161 /* Models */,
				01F665871BB9350F00D62044 /* Extensions */,
				01D2021F1BB535E200DE1161 /* Application */,
			);
			path = ShiftViewer;
			sourceTree = "<group>";
		};
		01D202051BB535DB00DE1161 /* ShiftViewerTests */ = {
			isa = PBXGroup;
			children = (
				01D202061BB535DB00DE1161 /* ShiftViewerTests.swift */,
				01D202081BB535DB00DE1161 /* Info.plist */,
			);
			path = ShiftViewerTests;
			sourceTree = "<group>";
		};
		01D202101BB535DB00DE1161 /* ShiftViewerUITests */ = {
			isa = PBXGroup;
			children = (
				01D202111BB535DB00DE1161 /* ShiftViewerUITests.swift */,
				01D202131BB535DB00DE1161 /* Info.plist */,
			);
			path = ShiftViewerUITests;
			sourceTree = "<group>";
		};
		01D2021F1BB535E200DE1161 /* Application */ = {
			isa = PBXGroup;
			children = (
				01D201F51BB535DB00DE1161 /* Main.storyboard */,
				01D201F81BB535DB00DE1161 /* Assets.xcassets */,
				01D201F11BB535DB00DE1161 /* AppDelegate.swift */,
				01D201FA1BB535DB00DE1161 /* LaunchScreen.storyboard */,
				01D201FD1BB535DB00DE1161 /* Info.plist */,
			);
			name = Application;
			sourceTree = "<group>";
		};
		01D202201BB59FA800DE1161 /* ShiftList */ = {
			isa = PBXGroup;
			children = (
				01D202241BB59FEE00DE1161 /* ShiftListViewController.swift */,
				01F6658A1BB9524C00D62044 /* ShiftListView.swift */,
				01F665881BB9377900D62044 /* ShiftListModel.swift */,
			);
			name = ShiftList;
			sourceTree = "<group>";
		};
		01D202211BB59FB500DE1161 /* Shift */ = {
			isa = PBXGroup;
			children = (
				0146FB2F1BBAA86A00514D80 /* ShiftViewController.swift */,
			);
			name = Shift;
			sourceTree = "<group>";
		};
		01D202221BB59FBB00DE1161 /* UserSetting */ = {
			isa = PBXGroup;
			children = (
				0146FB311BBAA88B00514D80 /* UserSettingViewController.swift */,
			);
			name = UserSetting;
			sourceTree = "<group>";
		};
		01D202261BB5A0A500DE1161 /* Models */ = {
			isa = PBXGroup;
			children = (
				01D2022D1BB5CDFD00DE1161 /* Term.swift */,
				01F665921BB968ED00D62044 /* WebAPI.swift */,
			);
			name = Models;
			sourceTree = "<group>";
		};
		01D2022C1BB5B68800DE1161 /* Carthage */ = {
			isa = PBXGroup;
			children = (
				01D202271BB5B44100DE1161 /* Alamofire.framework */,
				01D202281BB5B44100DE1161 /* SwiftyJSON.framework */,
			);
			name = Carthage;
			sourceTree = "<group>";
		};
		01F665871BB9350F00D62044 /* Extensions */ = {
			isa = PBXGroup;
			children = (
				01F665851BB9350600D62044 /* NSDate+Extension.swift */,
			);
			name = Extensions;
			sourceTree = "<group>";
		};
		01F6658C1BB9541B00D62044 /* Scenes */ = {
			isa = PBXGroup;
			children = (
				01F6658D1BB9544900D62044 /* Navigation */,
				01D202201BB59FA800DE1161 /* ShiftList */,
				01D202211BB59FB500DE1161 /* Shift */,
				01D202221BB59FBB00DE1161 /* UserSetting */,
			);
			name = Scenes;
			sourceTree = "<group>";
		};
		01F6658D1BB9544900D62044 /* Navigation */ = {
			isa = PBXGroup;
			children = (
				01F6658E1BB954BE00D62044 /* NavigationController.swift */,
			);
			name = Navigation;
			sourceTree = "<group>";
		};
/* End PBXGroup section */

/* Begin PBXNativeTarget section */
		01D201ED1BB535DB00DE1161 /* ShiftViewer */ = {
			isa = PBXNativeTarget;
			buildConfigurationList = 01D202161BB535DB00DE1161 /* Build configuration list for PBXNativeTarget "ShiftViewer" */;
			buildPhases = (
				01D201EA1BB535DB00DE1161 /* Sources */,
				01D201EB1BB535DB00DE1161 /* Frameworks */,
				01D201EC1BB535DB00DE1161 /* Resources */,
				01D2022B1BB5B53B00DE1161 /* ShellScript */,
			);
			buildRules = (
			);
			dependencies = (
			);
			name = ShiftViewer;
			productName = ShiftViewer;
			productReference = 01D201EE1BB535DB00DE1161 /* ShiftViewer.app */;
			productType = "com.apple.product-type.application";
		};
		01D202011BB535DB00DE1161 /* ShiftViewerTests */ = {
			isa = PBXNativeTarget;
			buildConfigurationList = 01D202191BB535DB00DE1161 /* Build configuration list for PBXNativeTarget "ShiftViewerTests" */;
			buildPhases = (
				01D201FE1BB535DB00DE1161 /* Sources */,
				01D201FF1BB535DB00DE1161 /* Frameworks */,
				01D202001BB535DB00DE1161 /* Resources */,
			);
			buildRules = (
			);
			dependencies = (
				01D202041BB535DB00DE1161 /* PBXTargetDependency */,
			);
			name = ShiftViewerTests;
			productName = ShiftViewerTests;
			productReference = 01D202021BB535DB00DE1161 /* ShiftViewerTests.xctest */;
			productType = "com.apple.product-type.bundle.unit-test";
		};
		01D2020C1BB535DB00DE1161 /* ShiftViewerUITests */ = {
			isa = PBXNativeTarget;
			buildConfigurationList = 01D2021C1BB535DB00DE1161 /* Build configuration list for PBXNativeTarget "ShiftViewerUITests" */;
			buildPhases = (
				01D202091BB535DB00DE1161 /* Sources */,
				01D2020A1BB535DB00DE1161 /* Frameworks */,
				01D2020B1BB535DB00DE1161 /* Resources */,
			);
			buildRules = (
			);
			dependencies = (
				01D2020F1BB535DB00DE1161 /* PBXTargetDependency */,
			);
			name = ShiftViewerUITests;
			productName = ShiftViewerUITests;
			productReference = 01D2020D1BB535DB00DE1161 /* ShiftViewerUITests.xctest */;
			productType = "com.apple.product-type.bundle.ui-testing";
		};
/* End PBXNativeTarget section */

/* Begin PBXProject section */
		01D201E61BB535DB00DE1161 /* Project object */ = {
			isa = PBXProject;
			attributes = {
				LastUpgradeCheck = 0700;
				ORGANIZATIONNAME = "yuta-t";
				TargetAttributes = {
					01D201ED1BB535DB00DE1161 = {
						CreatedOnToolsVersion = 7.0;
						DevelopmentTeam = 3Q5T2U5U25;
					};
					01D202011BB535DB00DE1161 = {
						CreatedOnToolsVersion = 7.0;
						DevelopmentTeam = 3Q5T2U5U25;
						TestTargetID = 01D201ED1BB535DB00DE1161;
					};
					01D2020C1BB535DB00DE1161 = {
						CreatedOnToolsVersion = 7.0;
						DevelopmentTeam = 3Q5T2U5U25;
						TestTargetID = 01D201ED1BB535DB00DE1161;
					};
				};
			};
			buildConfigurationList = 01D201E91BB535DB00DE1161 /* Build configuration list for PBXProject "ShiftViewer" */;
			compatibilityVersion = "Xcode 3.2";
			developmentRegion = English;
			hasScannedForEncodings = 0;
			knownRegions = (
				en,
				Base,
			);
			mainGroup = 01D201E51BB535DB00DE1161;
			productRefGroup = 01D201EF1BB535DB00DE1161 /* Products */;
			projectDirPath = "";
			projectRoot = "";
			targets = (
				01D201ED1BB535DB00DE1161 /* ShiftViewer */,
				01D202011BB535DB00DE1161 /* ShiftViewerTests */,
				01D2020C1BB535DB00DE1161 /* ShiftViewerUITests */,
			);
		};
/* End PBXProject section */

/* Begin PBXResourcesBuildPhase section */
		01D201EC1BB535DB00DE1161 /* Resources */ = {
			isa = PBXResourcesBuildPhase;
			buildActionMask = 2147483647;
			files = (
				01D201FC1BB535DB00DE1161 /* LaunchScreen.storyboard in Resources */,
				01D201F91BB535DB00DE1161 /* Assets.xcassets in Resources */,
				01D201F71BB535DB00DE1161 /* Main.storyboard in Resources */,
			);
			runOnlyForDeploymentPostprocessing = 0;
		};
		01D202001BB535DB00DE1161 /* Resources */ = {
			isa = PBXResourcesBuildPhase;
			buildActionMask = 2147483647;
			files = (
			);
			runOnlyForDeploymentPostprocessing = 0;
		};
		01D2020B1BB535DB00DE1161 /* Resources */ = {
			isa = PBXResourcesBuildPhase;
			buildActionMask = 2147483647;
			files = (
			);
			runOnlyForDeploymentPostprocessing = 0;
		};
/* End PBXResourcesBuildPhase section */

/* Begin PBXShellScriptBuildPhase section */
		01D2022B1BB5B53B00DE1161 /* ShellScript */ = {
			isa = PBXShellScriptBuildPhase;
			buildActionMask = 2147483647;
			files = (
			);
			inputPaths = (
				"$(SRCROOT)/Carthage/Build/iOS/Alamofire.framework",
				"$(SRCROOT)/Carthage/Build/iOS/SwiftyJSON.framework",
			);
			outputPaths = (
			);
			runOnlyForDeploymentPostprocessing = 0;
			shellPath = /bin/sh;
			shellScript = "/usr/local/bin/carthage copy-frameworks";
		};
/* End PBXShellScriptBuildPhase section */

/* Begin PBXSourcesBuildPhase section */
		01D201EA1BB535DB00DE1161 /* Sources */ = {
			isa = PBXSourcesBuildPhase;
			buildActionMask = 2147483647;
			files = (
				0146FB321BBAA88B00514D80 /* UserSettingViewController.swift in Sources */,
				01F665891BB9377900D62044 /* ShiftListModel.swift in Sources */,
				01F665861BB9350600D62044 /* NSDate+Extension.swift in Sources */,
				01D201F21BB535DB00DE1161 /* AppDelegate.swift in Sources */,
				0146FB301BBAA86A00514D80 /* ShiftViewController.swift in Sources */,
				01D202251BB59FEE00DE1161 /* ShiftListViewController.swift in Sources */,
				01D2022E1BB5CDFD00DE1161 /* Term.swift in Sources */,
				01F6658F1BB954BE00D62044 /* NavigationController.swift in Sources */,
				01F6658B1BB9524C00D62044 /* ShiftListView.swift in Sources */,
				01F665931BB968ED00D62044 /* WebAPI.swift in Sources */,
			);
			runOnlyForDeploymentPostprocessing = 0;
		};
		01D201FE1BB535DB00DE1161 /* Sources */ = {
			isa = PBXSourcesBuildPhase;
			buildActionMask = 2147483647;
			files = (
				01D202071BB535DB00DE1161 /* ShiftViewerTests.swift in Sources */,
			);
			runOnlyForDeploymentPostprocessing = 0;
		};
		01D202091BB535DB00DE1161 /* Sources */ = {
			isa = PBXSourcesBuildPhase;
			buildActionMask = 2147483647;
			files = (
				01D202121BB535DB00DE1161 /* ShiftViewerUITests.swift in Sources */,
			);
			runOnlyForDeploymentPostprocessing = 0;
		};
/* End PBXSourcesBuildPhase section */

/* Begin PBXTargetDependency section */
		01D202041BB535DB00DE1161 /* PBXTargetDependency */ = {
			isa = PBXTargetDependency;
			target = 01D201ED1BB535DB00DE1161 /* ShiftViewer */;
			targetProxy = 01D202031BB535DB00DE1161 /* PBXContainerItemProxy */;
		};
		01D2020F1BB535DB00DE1161 /* PBXTargetDependency */ = {
			isa = PBXTargetDependency;
			target = 01D201ED1BB535DB00DE1161 /* ShiftViewer */;
			targetProxy = 01D2020E1BB535DB00DE1161 /* PBXContainerItemProxy */;
		};
/* End PBXTargetDependency section */

/* Begin PBXVariantGroup section */
		01D201F51BB535DB00DE1161 /* Main.storyboard */ = {
			isa = PBXVariantGroup;
			children = (
				01D201F61BB535DB00DE1161 /* Base */,
			);
			name = Main.storyboard;
			sourceTree = "<group>";
		};
		01D201FA1BB535DB00DE1161 /* LaunchScreen.storyboard */ = {
			isa = PBXVariantGroup;
			children = (
				01D201FB1BB535DB00DE1161 /* Base */,
			);
			name = LaunchScreen.storyboard;
			sourceTree = "<group>";
		};
/* End PBXVariantGroup section */

/* Begin XCBuildConfiguration section */
		01D202141BB535DB00DE1161 /* Debug */ = {
			isa = XCBuildConfiguration;
			buildSettings = {
				ALWAYS_SEARCH_USER_PATHS = NO;
				CLANG_CXX_LANGUAGE_STANDARD = "gnu++0x";
				CLANG_CXX_LIBRARY = "libc++";
				CLANG_ENABLE_MODULES = YES;
				CLANG_ENABLE_OBJC_ARC = YES;
				CLANG_WARN_BOOL_CONVERSION = YES;
				CLANG_WARN_CONSTANT_CONVERSION = YES;
				CLANG_WARN_DIRECT_OBJC_ISA_USAGE = YES_ERROR;
				CLANG_WARN_EMPTY_BODY = YES;
				CLANG_WARN_ENUM_CONVERSION = YES;
				CLANG_WARN_INT_CONVERSION = YES;
				CLANG_WARN_OBJC_ROOT_CLASS = YES_ERROR;
				CLANG_WARN_UNREACHABLE_CODE = YES;
				CLANG_WARN__DUPLICATE_METHOD_MATCH = YES;
				"CODE_SIGN_IDENTITY[sdk=iphoneos*]" = "iPhone Developer";
				COPY_PHASE_STRIP = NO;
				DEBUG_INFORMATION_FORMAT = dwarf;
				ENABLE_STRICT_OBJC_MSGSEND = YES;
				ENABLE_TESTABILITY = YES;
				GCC_C_LANGUAGE_STANDARD = gnu99;
				GCC_DYNAMIC_NO_PIC = NO;
				GCC_NO_COMMON_BLOCKS = YES;
				GCC_OPTIMIZATION_LEVEL = 0;
				GCC_PREPROCESSOR_DEFINITIONS = (
					"DEBUG=1",
					"$(inherited)",
				);
				GCC_WARN_64_TO_32_BIT_CONVERSION = YES;
				GCC_WARN_ABOUT_RETURN_TYPE = YES_ERROR;
				GCC_WARN_UNDECLARED_SELECTOR = YES;
				GCC_WARN_UNINITIALIZED_AUTOS = YES_AGGRESSIVE;
				GCC_WARN_UNUSED_FUNCTION = YES;
				GCC_WARN_UNUSED_VARIABLE = YES;
				IPHONEOS_DEPLOYMENT_TARGET = 9.0;
				MTL_ENABLE_DEBUG_INFO = YES;
				ONLY_ACTIVE_ARCH = YES;
				SDKROOT = iphoneos;
				SWIFT_OPTIMIZATION_LEVEL = "-Onone";
				TARGETED_DEVICE_FAMILY = "1,2";
			};
			name = Debug;
		};
		01D202151BB535DB00DE1161 /* Release */ = {
			isa = XCBuildConfiguration;
			buildSettings = {
				ALWAYS_SEARCH_USER_PATHS = NO;
				CLANG_CXX_LANGUAGE_STANDARD = "gnu++0x";
				CLANG_CXX_LIBRARY = "libc++";
				CLANG_ENABLE_MODULES = YES;
				CLANG_ENABLE_OBJC_ARC = YES;
				CLANG_WARN_BOOL_CONVERSION = YES;
				CLANG_WARN_CONSTANT_CONVERSION = YES;
				CLANG_WARN_DIRECT_OBJC_ISA_USAGE = YES_ERROR;
				CLANG_WARN_EMPTY_BODY = YES;
				CLANG_WARN_ENUM_CONVERSION = YES;
				CLANG_WARN_INT_CONVERSION = YES;
				CLANG_WARN_OBJC_ROOT_CLASS = YES_ERROR;
				CLANG_WARN_UNREACHABLE_CODE = YES;
				CLANG_WARN__DUPLICATE_METHOD_MATCH = YES;
				"CODE_SIGN_IDENTITY[sdk=iphoneos*]" = "iPhone Developer";
				COPY_PHASE_STRIP = NO;
				DEBUG_INFORMATION_FORMAT = "dwarf-with-dsym";
				ENABLE_NS_ASSERTIONS = NO;
				ENABLE_STRICT_OBJC_MSGSEND = YES;
				GCC_C_LANGUAGE_STANDARD = gnu99;
				GCC_NO_COMMON_BLOCKS = YES;
				GCC_WARN_64_TO_32_BIT_CONVERSION = YES;
				GCC_WARN_ABOUT_RETURN_TYPE = YES_ERROR;
				GCC_WARN_UNDECLARED_SELECTOR = YES;
				GCC_WARN_UNINITIALIZED_AUTOS = YES_AGGRESSIVE;
				GCC_WARN_UNUSED_FUNCTION = YES;
				GCC_WARN_UNUSED_VARIABLE = YES;
				IPHONEOS_DEPLOYMENT_TARGET = 9.0;
				MTL_ENABLE_DEBUG_INFO = NO;
				SDKROOT = iphoneos;
				TARGETED_DEVICE_FAMILY = "1,2";
				VALIDATE_PRODUCT = YES;
			};
			name = Release;
		};
		01D202171BB535DB00DE1161 /* Debug */ = {
			isa = XCBuildConfiguration;
			buildSettings = {
				ASSETCATALOG_COMPILER_APPICON_NAME = AppIcon;
				FRAMEWORK_SEARCH_PATHS = (
					"$(inherited)",
					"$(PROJECT_DIR)/Carthage/Build/iOS",
				);
				INFOPLIST_FILE = ShiftViewer/Info.plist;
				LD_RUNPATH_SEARCH_PATHS = "$(inherited) @executable_path/Frameworks";
				PRODUCT_BUNDLE_IDENTIFIER = "jp.yuta-t.ShiftViewer";
				PRODUCT_NAME = "$(TARGET_NAME)";
			};
			name = Debug;
		};
		01D202181BB535DB00DE1161 /* Release */ = {
			isa = XCBuildConfiguration;
			buildSettings = {
				ASSETCATALOG_COMPILER_APPICON_NAME = AppIcon;
				FRAMEWORK_SEARCH_PATHS = (
					"$(inherited)",
					"$(PROJECT_DIR)/Carthage/Build/iOS",
				);
				INFOPLIST_FILE = ShiftViewer/Info.plist;
				LD_RUNPATH_SEARCH_PATHS = "$(inherited) @executable_path/Frameworks";
				PRODUCT_BUNDLE_IDENTIFIER = "jp.yuta-t.ShiftViewer";
				PRODUCT_NAME = "$(TARGET_NAME)";
			};
			name = Release;
		};
		01D2021A1BB535DB00DE1161 /* Debug */ = {
			isa = XCBuildConfiguration;
			buildSettings = {
				BUNDLE_LOADER = "$(TEST_HOST)";
				INFOPLIST_FILE = ShiftViewerTests/Info.plist;
				LD_RUNPATH_SEARCH_PATHS = "$(inherited) @executable_path/Frameworks @loader_path/Frameworks";
				PRODUCT_BUNDLE_IDENTIFIER = "jp.yuta-t.ShiftViewerTests";
				PRODUCT_NAME = "$(TARGET_NAME)";
				TEST_HOST = "$(BUILT_PRODUCTS_DIR)/ShiftViewer.app/ShiftViewer";
			};
			name = Debug;
		};
		01D2021B1BB535DB00DE1161 /* Release */ = {
			isa = XCBuildConfiguration;
			buildSettings = {
				BUNDLE_LOADER = "$(TEST_HOST)";
				INFOPLIST_FILE = ShiftViewerTests/Info.plist;
				LD_RUNPATH_SEARCH_PATHS = "$(inherited) @executable_path/Frameworks @loader_path/Frameworks";
				PRODUCT_BUNDLE_IDENTIFIER = "jp.yuta-t.ShiftViewerTests";
				PRODUCT_NAME = "$(TARGET_NAME)";
				TEST_HOST = "$(BUILT_PRODUCTS_DIR)/ShiftViewer.app/ShiftViewer";
			};
			name = Release;
		};
		01D2021D1BB535DB00DE1161 /* Debug */ = {
			isa = XCBuildConfiguration;
			buildSettings = {
				INFOPLIST_FILE = ShiftViewerUITests/Info.plist;
				LD_RUNPATH_SEARCH_PATHS = "$(inherited) @executable_path/Frameworks @loader_path/Frameworks";
				PRODUCT_BUNDLE_IDENTIFIER = "jp.yuta-t.ShiftViewerUITests";
				PRODUCT_NAME = "$(TARGET_NAME)";
				TEST_TARGET_NAME = ShiftViewer;
				USES_XCTRUNNER = YES;
			};
			name = Debug;
		};
		01D2021E1BB535DB00DE1161 /* Release */ = {
			isa = XCBuildConfiguration;
			buildSettings = {
				INFOPLIST_FILE = ShiftViewerUITests/Info.plist;
				LD_RUNPATH_SEARCH_PATHS = "$(inherited) @executable_path/Frameworks @loader_path/Frameworks";
				PRODUCT_BUNDLE_IDENTIFIER = "jp.yuta-t.ShiftViewerUITests";
				PRODUCT_NAME = "$(TARGET_NAME)";
				TEST_TARGET_NAME = ShiftViewer;
				USES_XCTRUNNER = YES;
			};
			name = Release;
		};
/* End XCBuildConfiguration section */

/* Begin XCConfigurationList section */
		01D201E91BB535DB00DE1161 /* Build configuration list for PBXProject "ShiftViewer" */ = {
			isa = XCConfigurationList;
			buildConfigurations = (
				01D202141BB535DB00DE1161 /* Debug */,
				01D202151BB535DB00DE1161 /* Release */,
			);
			defaultConfigurationIsVisible = 0;
			defaultConfigurationName = Release;
		};
		01D202161BB535DB00DE1161 /* Build configuration list for PBXNativeTarget "ShiftViewer" */ = {
			isa = XCConfigurationList;
			buildConfigurations = (
				01D202171BB535DB00DE1161 /* Debug */,
				01D202181BB535DB00DE1161 /* Release */,
			);
			defaultConfigurationIsVisible = 0;
			defaultConfigurationName = Release;
		};
		01D202191BB535DB00DE1161 /* Build configuration list for PBXNativeTarget "ShiftViewerTests" */ = {
			isa = XCConfigurationList;
			buildConfigurations = (
				01D2021A1BB535DB00DE1161 /* Debug */,
				01D2021B1BB535DB00DE1161 /* Release */,
			);
			defaultConfigurationIsVisible = 0;
			defaultConfigurationName = Release;
		};
		01D2021C1BB535DB00DE1161 /* Build configuration list for PBXNativeTarget "ShiftViewerUITests" */ = {
			isa = XCConfigurationList;
			buildConfigurations = (
				01D2021D1BB535DB00DE1161 /* Debug */,
				01D2021E1BB535DB00DE1161 /* Release */,
			);
			defaultConfigurationIsVisible = 0;
			defaultConfigurationName = Release;
		};
/* End XCConfigurationList section */
	};
	rootObject = 01D201E61BB535DB00DE1161 /* Project object */;
}
